
Microsoft Visual Studio Solution File, Format Version 12.00
# Visual Studio Version 17
VisualStudioVersion = 17.4.33110.190
MinimumVisualStudioVersion = 10.0.40219.1
Project("{FAE04EC0-301F-11D3-BF4B-00C04F79EFBC}") = "Lambda01", "Lambda01\Lambda01.csproj", "{C73D1A07-AC6B-4718-83FD-E4448B677F9C}"
EndProject
Global
	GlobalSection(SolutionConfigurationPlatforms) = preSolution
		Debug|Any CPU = Debug|Any CPU
		Release|Any CPU = Release|Any CPU
	EndGlobalSection
	GlobalSection(ProjectConfigurationPlatforms) = postSolution
		{C73D1A07-AC6B-4718-83FD-E4448B677F9C}.Debug|Any CPU.ActiveCfg = Debug|Any CPU
		{C73D1A07-AC6B-4718-83FD-E4448B677F9C}.Debug|Any CPU.Build.0 = Debug|Any CPU
		{C73D1A07-AC6B-4718-83FD-E4448B677F9C}.Release|Any CPU.ActiveCfg = Release|Any CPU
		{C73D1A07-AC6B-4718-83FD-E4448B677F9C}.Release|Any CPU.Build.0 = Release|Any CPU
	EndGlobalSection
	GlobalSection(SolutionProperties) = preSolution
		HideSolutionNode = FALSE
	EndGlobalSection
	GlobalSection(ExtensibilityGlobals) = postSolution
		SolutionGuid = {75F7FDAE-4E46-40CD-BCC4-3CFE50ECA398}
	EndGlobalSection
EndGlobal
